
Microsoft Visual Studio Solution File, Format Version 12.00
# Visual Studio 2015
Project("{8BC9CEB8-8B4A-11D0-8D11-00A0C91BC942}") = "fen", "fen\fen.vcxproj", "{952B96E6-50AB-44D7-B43F-1968096EFC6E}"
EndProject
Global
	GlobalSection(SolutionConfigurationPlatforms) = preSolution
		Debug|Win32 = Debug|Win32
		Release|Win32 = Release|Win32
	EndGlobalSection
	GlobalSection(ProjectConfigurationPlatforms) = postSolution
		{952B96E6-50AB-44D7-B43F-1968096EFC6E}.Debug|Win32.ActiveCfg = Debug|Win32
		{952B96E6-50AB-44D7-B43F-1968096EFC6E}.Debug|Win32.Build.0 = Debug|Win32
		{952B96E6-50AB-44D7-B43F-1968096EFC6E}.Release|Win32.ActiveCfg = Release|Win32
		{952B96E6-50AB-44D7-B43F-1968096EFC6E}.Release|Win32.Build.0 = Release|Win32
	EndGlobalSection
	GlobalSection(SolutionProperties) = preSolution
		HideSolutionNode = FALSE
	EndGlobalSection
EndGlobal
